
Microsoft Visual Studio Solution File, Format Version 12.00
Project("{FAE04EC0-301F-11D3-BF4B-00C04F79EFBC}") = "Lab1", "Lab1\Lab1.csproj", "{EAD21C94-7EFA-4D39-86B6-81D0D04A6831}"
EndProject
Global
	GlobalSection(SolutionConfigurationPlatforms) = preSolution
		Debug|Any CPU = Debug|Any CPU
		Release|Any CPU = Release|Any CPU
	EndGlobalSection
	GlobalSection(ProjectConfigurationPlatforms) = postSolution
		{EAD21C94-7EFA-4D39-86B6-81D0D04A6831}.Debug|Any CPU.ActiveCfg = Debug|Any CPU
		{EAD21C94-7EFA-4D39-86B6-81D0D04A6831}.Debug|Any CPU.Build.0 = Debug|Any CPU
		{EAD21C94-7EFA-4D39-86B6-81D0D04A6831}.Release|Any CPU.ActiveCfg = Release|Any CPU
		{EAD21C94-7EFA-4D39-86B6-81D0D04A6831}.Release|Any CPU.Build.0 = Release|Any CPU
	EndGlobalSection
EndGlobal
